PODS:
  - Flutter (1.0.0)
  - proximity_plugin (0.0.1):
    - Flutter

DEPENDENCIES:
  - Flutter (from `Flutter`)
  - proximity_plugin (from `.symlinks/plugins/proximity_plugin/ios`)

EXTERNAL SOURCES:
  Flutter:
    :path: Flutter
  proximity_plugin:
    :path: ".symlinks/plugins/proximity_plugin/ios"

SPEC CHECKSUMS:
  Flutter: 0e3d915762c693b495b44d77113d4970485de6ec
  proximity_plugin: 785406458c163e978e45676c383caafc8fb01fde

PODFILE CHECKSUM: 1b66dae606f75376c5f2135a8290850eeb09ae83

COCOAPODS: 1.8.4
